# THIS IS AN AUTOGENERATED FILE. DO NOT EDIT THIS FILE DIRECTLY.
# yarn lockfile v1


"@clerk/clerk-react@^5.20.0":
  version "5.20.0"
  resolved "https://registry.npmjs.org/@clerk/clerk-react/-/clerk-react-5.20.0.tgz"
  integrity sha512-8gm6hodnMpk51LcH7roSEQtNZGhh3IBwfbqUm/QG7ClX9PoNEDcKgDqCD+TZUCG3QNnCgyFt4GZMcXG6uorhrw==
  dependencies:
    "@clerk/shared" "^2.20.0"
    "@clerk/types" "^4.39.2"
    tslib "2.4.1"

"@clerk/shared@^2.20.0":
  version "2.20.0"
  resolved "https://registry.npmjs.org/@clerk/shared/-/shared-2.20.0.tgz"
  integrity sha512-aN9WgWuIIDsMa2N8D5LhoutzdXeq7dZfmpJzn8XtlMvZQmpGPhpHMI996JOu7hV5YL4aeOGsqZTW9Qxsf0szTg==
  dependencies:
    "@clerk/types" "^4.39.2"
    dequal "2.0.3"
    glob-to-regexp "0.4.1"
    js-cookie "3.0.5"
    std-env "^3.7.0"
    swr "^2.2.0"

"@clerk/types@^4.39.2":
  version "4.39.2"
  resolved "https://registry.npmjs.org/@clerk/types/-/types-4.39.2.tgz"
  integrity sha512-zkZoJIBe1VIVyT444INCNxLnpee1vT/sP7vrBpYK8PjDkB/gaybRsPvKhZnZDbmNAvpcsc2MR4iWsgfp1O17Yw==
  dependencies:
    csstype "3.1.1"

"@mongodb-js/saslprep@^1.1.9":
  version "1.1.9"
  resolved "https://registry.npmjs.org/@mongodb-js/saslprep/-/saslprep-1.1.9.tgz"
  integrity sha512-tVkljjeEaAhCqTzajSdgbQ6gE6f3oneVwa3iXR6csiEwXXOFsiC6Uh9iAjAhXPtqa/XMDHWjjeNH/77m/Yq2dw==
  dependencies:
    sparse-bitfield "^3.0.3"

"@types/cookie@^0.6.0":
  version "0.6.0"
  resolved "https://registry.yarnpkg.com/@types/cookie/-/cookie-0.6.0.tgz#eac397f28bf1d6ae0ae081363eca2f425bedf0d5"
  integrity sha512-4Kh9a6B2bQciAhf7FSuMRRkUWecJgJu9nPnx3yzpsfXX/c50REIqpHY4C82bXP90qrLtXtkDxTZosYO3UpOwlA==

"@types/webidl-conversions@*":
  version "7.0.3"
  resolved "https://registry.npmjs.org/@types/webidl-conversions/-/webidl-conversions-7.0.3.tgz"
  integrity sha512-CiJJvcRtIgzadHCYXw7dqEnMNRjhGZlYK05Mj9OyktqV8uVT8fD2BFOB7S1uwBE3Kj2Z+4UyPmFw/Ixgw/LAlA==

"@types/whatwg-url@^11.0.2":
  version "11.0.5"
  resolved "https://registry.npmjs.org/@types/whatwg-url/-/whatwg-url-11.0.5.tgz"
  integrity sha512-coYR071JRaHa+xoEvvYqvnIHaVqaYrLPbsufM9BF63HkwI5Lgmy2QR8Q5K/lYDYo5AK82wOvSOS0UsLTpTG7uQ==
  dependencies:
    "@types/webidl-conversions" "*"

bson@^6.10.1:
  version "6.10.1"
  resolved "https://registry.npmjs.org/bson/-/bson-6.10.1.tgz"
  integrity sha512-P92xmHDQjSKPLHqFxefqMxASNq/aWJMEZugpCjf+AF/pgcUpMMQCg7t7+ewko0/u8AapvF3luf/FoehddEK+sA==

client-only@^0.0.1:
  version "0.0.1"
  resolved "https://registry.npmjs.org/client-only/-/client-only-0.0.1.tgz"
  integrity sha512-IV3Ou0jSMzZrd3pZ48nLkT9DA7Ag1pnPzaiQhpW7c3RbcqqzvzzVu+L8gfqMp/8IM2MQtSiqaCxrrcfu8I8rMA==

cookie@^1.0.1:
  version "1.0.2"
  resolved "https://registry.yarnpkg.com/cookie/-/cookie-1.0.2.tgz#27360701532116bd3f1f9416929d176afe1e4610"
  integrity sha512-9Kr/j4O16ISv8zBBhJoi4bXOYNTkFLOqSL3UDB0njXxCXNezjeyVrJyGOWtgfs/q2km1gwBcfH8q1yEGoMYunA==

csstype@3.1.1:
  version "3.1.1"
  resolved "https://registry.npmjs.org/csstype/-/csstype-3.1.1.tgz"
  integrity sha512-DJR/VvkAvSZW9bTouZue2sSxDwdTN92uHjqeKVm+0dAqdfNykRzQ95tay8aXMBAAPpUiq4Qcug2L7neoRh2Egw==

dequal@2.0.3:
  version "2.0.3"
  resolved "https://registry.npmjs.org/dequal/-/dequal-2.0.3.tgz"
  integrity sha512-0je+qPKHEMohvfRTCEo3CrPG6cAzAYgmzKyxRiYSSDkS6eGJdyVJm7WaYA5ECaAD9wLB2T4EEeymA5aFVcYXCA==

glob-to-regexp@0.4.1:
  version "0.4.1"
  resolved "https://registry.npmjs.org/glob-to-regexp/-/glob-to-regexp-0.4.1.tgz"
  integrity sha512-lkX1HJXwyMcprw/5YUZc2s7DrpAiHB21/V+E1rHUrVNokkvB6bqMzT0VfV6/86ZNabt1k14YOIaT7nDvOX3Iiw==

js-cookie@3.0.5:
  version "3.0.5"
  resolved "https://registry.npmjs.org/js-cookie/-/js-cookie-3.0.5.tgz"
  integrity sha512-cEiJEAEoIbWfCZYKWhVwFuvPX1gETRYPw6LlaTKoxD3s2AkXzkCjnp6h0V77ozyqj0jakteJ4YqDJT830+lVGw==

memory-pager@^1.0.2:
  version "1.5.0"
  resolved "https://registry.npmjs.org/memory-pager/-/memory-pager-1.5.0.tgz"
  integrity sha512-ZS4Bp4r/Zoeq6+NLJpP+0Zzm0pR8whtGPf1XExKLJBAczGMnSi3It14OiNCStjQjM6NU1okjQGSxgEZN8eBYKg==

mongodb-connection-string-url@^3.0.0:
  version "3.0.1"
  resolved "https://registry.npmjs.org/mongodb-connection-string-url/-/mongodb-connection-string-url-3.0.1.tgz"
  integrity sha512-XqMGwRX0Lgn05TDB4PyG2h2kKO/FfWJyCzYQbIhXUxz7ETt0I/FqHjUeqj37irJ+Dl1ZtU82uYyj14u2XsZKfg==
  dependencies:
    "@types/whatwg-url" "^11.0.2"
    whatwg-url "^13.0.0"

mongodb@^6.12.0:
  version "6.12.0"
  resolved "https://registry.npmjs.org/mongodb/-/mongodb-6.12.0.tgz"
  integrity sha512-RM7AHlvYfS7jv7+BXund/kR64DryVI+cHbVAy9P61fnb1RcWZqOW1/Wj2YhqMCx+MuYhqTRGv7AwHBzmsCKBfA==
  dependencies:
    "@mongodb-js/saslprep" "^1.1.9"
    bson "^6.10.1"
    mongodb-connection-string-url "^3.0.0"

punycode@^2.3.0:
  version "2.3.1"
  resolved "https://registry.npmjs.org/punycode/-/punycode-2.3.1.tgz"
  integrity sha512-vYt7UD1U9Wg6138shLtLOvdAu+8DsC/ilFtEVHcH+wydcSpNE20AfSOduf6MkRFahL5FY7X1oU7nKVZFtfq8Fg==

react-router-dom@^7.1.1:
  version "7.1.1"
  resolved "https://registry.yarnpkg.com/react-router-dom/-/react-router-dom-7.1.1.tgz#9e76fb63a762ba5da13032f5fd9e4a24946396b6"
  integrity sha512-vSrQHWlJ5DCfyrhgo0k6zViOe9ToK8uT5XGSmnuC2R3/g261IdIMpZVqfjD6vWSXdnf5Czs4VA/V60oVR6/jnA==
  dependencies:
    react-router "7.1.1"

react-router@7.1.1:
  version "7.1.1"
  resolved "https://registry.yarnpkg.com/react-router/-/react-router-7.1.1.tgz#88f5657fa5b8f0b918c7222ec710de0274d00b2e"
  integrity sha512-39sXJkftkKWRZ2oJtHhCxmoCrBCULr/HAH4IT5DHlgu/Q0FCPV0S4Lx+abjDTx/74xoZzNYDYbOZWlJjruyuDQ==
  dependencies:
    "@types/cookie" "^0.6.0"
    cookie "^1.0.1"
    set-cookie-parser "^2.6.0"
    turbo-stream "2.4.0"

react-table@^7.8.0:
  version "7.8.0"
  resolved "https://registry.yarnpkg.com/react-table/-/react-table-7.8.0.tgz#07858c01c1718c09f7f1aed7034fcfd7bda907d2"
  integrity sha512-hNaz4ygkZO4bESeFfnfOft73iBUj8K5oKi1EcSHPAibEydfsX2MyU6Z8KCr3mv3C9Kqqh71U+DhZkFvibbnPbA==

set-cookie-parser@^2.6.0:
  version "2.7.1"
  resolved "https://registry.yarnpkg.com/set-cookie-parser/-/set-cookie-parser-2.7.1.tgz#3016f150072202dfbe90fadee053573cc89d2943"
  integrity sha512-IOc8uWeOZgnb3ptbCURJWNjWUPcO3ZnTTdzsurqERrP6nPyv+paC55vJM0LpOlT2ne+Ix+9+CRG1MNLlyZ4GjQ==

sparse-bitfield@^3.0.3:
  version "3.0.3"
  resolved "https://registry.npmjs.org/sparse-bitfield/-/sparse-bitfield-3.0.3.tgz"
  integrity sha512-kvzhi7vqKTfkh0PZU+2D2PIllw2ymqJKujUcyPMd9Y75Nv4nPbGJZXNhxsgdQab2BmlDct1YnfQCguEvHr7VsQ==
  dependencies:
    memory-pager "^1.0.2"

std-env@^3.7.0:
  version "3.8.0"
  resolved "https://registry.npmjs.org/std-env/-/std-env-3.8.0.tgz"
  integrity sha512-Bc3YwwCB+OzldMxOXJIIvC6cPRWr/LxOp48CdQTOkPyk/t4JWWJbrilwBd7RJzKV8QW7tJkcgAmeuLLJugl5/w==

swr@^2.2.0:
  version "2.2.5"
  resolved "https://registry.npmjs.org/swr/-/swr-2.2.5.tgz"
  integrity sha512-QtxqyclFeAsxEUeZIYmsaQ0UjimSq1RZ9Un7I68/0ClKK/U3LoyQunwkQfJZr2fc22DfIXLNDc2wFyTEikCUpg==
  dependencies:
    client-only "^0.0.1"
    use-sync-external-store "^1.2.0"

tr46@^4.1.1:
  version "4.1.1"
  resolved "https://registry.npmjs.org/tr46/-/tr46-4.1.1.tgz"
  integrity sha512-2lv/66T7e5yNyhAAC4NaKe5nVavzuGJQVVtRYLyQ2OI8tsJ61PMLlelehb0wi2Hx6+hT/OJUWZcw8MjlSRnxvw==
  dependencies:
    punycode "^2.3.0"

tslib@2.4.1:
  version "2.4.1"
  resolved "https://registry.npmjs.org/tslib/-/tslib-2.4.1.tgz"
  integrity sha512-tGyy4dAjRIEwI7BzsB0lynWgOpfqjUdq91XXAlIWD2OwKBH7oCl/GZG/HT4BOHrTlPMOASlMQ7veyTqpmRcrNA==

turbo-stream@2.4.0:
  version "2.4.0"
  resolved "https://registry.yarnpkg.com/turbo-stream/-/turbo-stream-2.4.0.tgz#1e4fca6725e90fa14ac4adb782f2d3759a5695f0"
  integrity sha512-FHncC10WpBd2eOmGwpmQsWLDoK4cqsA/UT/GqNoaKOQnT8uzhtCbg3EoUDMvqpOSAI0S26mr0rkjzbOO6S3v1g==

use-sync-external-store@^1.2.0:
  version "1.4.0"
  resolved "https://registry.npmjs.org/use-sync-external-store/-/use-sync-external-store-1.4.0.tgz"
  integrity sha512-9WXSPC5fMv61vaupRkCKCxsPxBocVnwakBEkMIHHpkTTg6icbJtg6jzgtLDm4bl3cSHAca52rYWih0k4K3PfHw==

webidl-conversions@^7.0.0:
  version "7.0.0"
  resolved "https://registry.npmjs.org/webidl-conversions/-/webidl-conversions-7.0.0.tgz"
  integrity sha512-VwddBukDzu71offAQR975unBIGqfKZpM+8ZX6ySk8nYhVoo5CYaZyzt3YBvYtRtO+aoGlqxPg/B87NGVZ/fu6g==

whatwg-url@^13.0.0:
  version "13.0.0"
  resolved "https://registry.npmjs.org/whatwg-url/-/whatwg-url-13.0.0.tgz"
  integrity sha512-9WWbymnqj57+XEuqADHrCJ2eSXzn8WXIW/YSGaZtb2WKAInQ6CHfaUUcTyyver0p8BDg5StLQq8h1vtZuwmOig==
  dependencies:
    tr46 "^4.1.1"
    webidl-conversions "^7.0.0"
